
Microsoft Visual Studio Solution File, Format Version 12.00
# Visual Studio 15
VisualStudioVersion = 15.0.28307.1145
MinimumVisualStudioVersion = 10.0.40219.1
Project("{9A19103F-16F7-4668-BE54-9A1E7A4F7556}") = "FavoDeMel.Api", "FavoDeMel.Api\FavoDeMel.Api.csproj", "{CCBB25A0-55D5-4091-B3BD-BC28CDA62D8D}"
EndProject
Project("{9A19103F-16F7-4668-BE54-9A1E7A4F7556}") = "FavoDeMel.Domain", "FavoDeMel.Domain\FavoDeMel.Domain.csproj", "{CE5C7B07-CFBC-461D-BC67-BCE85CE7F94B}"
EndProject
Project("{9A19103F-16F7-4668-BE54-9A1E7A4F7556}") = "FavoDeMel.Application", "FavoDeMel.Application\FavoDeMel.Application.csproj", "{DD306120-F28A-4D30-B0C4-CE6AD262A3AB}"
EndProject
Project("{FAE04EC0-301F-11D3-BF4B-00C04F79EFBC}") = "FavoDeMel.Infrastructure", "FavoDeMel.Infrastructure\FavoDeMel.Infrastructure.csproj", "{CF202905-04E5-4709-AF27-287114D01C83}"
EndProject
Global
	GlobalSection(SolutionConfigurationPlatforms) = preSolution
		Debug|Any CPU = Debug|Any CPU
		Release|Any CPU = Release|Any CPU
	EndGlobalSection
	GlobalSection(ProjectConfigurationPlatforms) = postSolution
		{CCBB25A0-55D5-4091-B3BD-BC28CDA62D8D}.Debug|Any CPU.ActiveCfg = Debug|Any CPU
		{CCBB25A0-55D5-4091-B3BD-BC28CDA62D8D}.Debug|Any CPU.Build.0 = Debug|Any CPU
		{CCBB25A0-55D5-4091-B3BD-BC28CDA62D8D}.Release|Any CPU.ActiveCfg = Release|Any CPU
		{CCBB25A0-55D5-4091-B3BD-BC28CDA62D8D}.Release|Any CPU.Build.0 = Release|Any CPU
		{CE5C7B07-CFBC-461D-BC67-BCE85CE7F94B}.Debug|Any CPU.ActiveCfg = Debug|Any CPU
		{CE5C7B07-CFBC-461D-BC67-BCE85CE7F94B}.Debug|Any CPU.Build.0 = Debug|Any CPU
		{CE5C7B07-CFBC-461D-BC67-BCE85CE7F94B}.Release|Any CPU.ActiveCfg = Release|Any CPU
		{CE5C7B07-CFBC-461D-BC67-BCE85CE7F94B}.Release|Any CPU.Build.0 = Release|Any CPU
		{DD306120-F28A-4D30-B0C4-CE6AD262A3AB}.Debug|Any CPU.ActiveCfg = Debug|Any CPU
		{DD306120-F28A-4D30-B0C4-CE6AD262A3AB}.Debug|Any CPU.Build.0 = Debug|Any CPU
		{DD306120-F28A-4D30-B0C4-CE6AD262A3AB}.Release|Any CPU.ActiveCfg = Release|Any CPU
		{DD306120-F28A-4D30-B0C4-CE6AD262A3AB}.Release|Any CPU.Build.0 = Release|Any CPU
		{CF202905-04E5-4709-AF27-287114D01C83}.Debug|Any CPU.ActiveCfg = Debug|Any CPU
		{CF202905-04E5-4709-AF27-287114D01C83}.Debug|Any CPU.Build.0 = Debug|Any CPU
		{CF202905-04E5-4709-AF27-287114D01C83}.Release|Any CPU.ActiveCfg = Release|Any CPU
		{CF202905-04E5-4709-AF27-287114D01C83}.Release|Any CPU.Build.0 = Release|Any CPU
	EndGlobalSection
	GlobalSection(SolutionProperties) = preSolution
		HideSolutionNode = FALSE
	EndGlobalSection
	GlobalSection(ExtensibilityGlobals) = postSolution
		SolutionGuid = {0CFE532C-3000-4A0E-9994-E5956CB6F171}
	EndGlobalSection
EndGlobal
